
Microsoft Visual Studio Solution File, Format Version 12.00
# Visual Studio 15
VisualStudioVersion = 15.0.27130.2010
MinimumVisualStudioVersion = 10.0.40219.1
Project("{8BC9CEB8-8B4A-11D0-8D11-00A0C91BC942}") = "openglProj", "openglProj.vcxproj", "{E1457B04-B999-4C01-8B51-38A4892B9503}"
EndProject
Global
	GlobalSection(SolutionConfigurationPlatforms) = preSolution
		Debug|x64 = Debug|x64
		Debug|x86 = Debug|x86
		DesktopDebug|x64 = DesktopDebug|x64
		DesktopDebug|x86 = DesktopDebug|x86
		DesktopRelease|x64 = DesktopRelease|x64
		DesktopRelease|x86 = DesktopRelease|x86
		Release|x64 = Release|x64
		Release|x86 = Release|x86
	EndGlobalSection
	GlobalSection(ProjectConfigurationPlatforms) = postSolution
		{E1457B04-B999-4C01-8B51-38A4892B9503}.Debug|x64.ActiveCfg = Debug|x64
		{E1457B04-B999-4C01-8B51-38A4892B9503}.Debug|x64.Build.0 = Debug|x64
		{E1457B04-B999-4C01-8B51-38A4892B9503}.Debug|x86.ActiveCfg = Debug|Win32
		{E1457B04-B999-4C01-8B51-38A4892B9503}.Debug|x86.Build.0 = Debug|Win32
		{E1457B04-B999-4C01-8B51-38A4892B9503}.DesktopDebug|x64.ActiveCfg = DesktopDebug|x64
		{E1457B04-B999-4C01-8B51-38A4892B9503}.DesktopDebug|x64.Build.0 = DesktopDebug|x64
		{E1457B04-B999-4C01-8B51-38A4892B9503}.DesktopDebug|x86.ActiveCfg = DesktopDebug|Win32
		{E1457B04-B999-4C01-8B51-38A4892B9503}.DesktopDebug|x86.Build.0 = DesktopDebug|Win32
		{E1457B04-B999-4C01-8B51-38A4892B9503}.DesktopRelease|x64.ActiveCfg = DesktopRelease|x64
		{E1457B04-B999-4C01-8B51-38A4892B9503}.DesktopRelease|x64.Build.0 = DesktopRelease|x64
		{E1457B04-B999-4C01-8B51-38A4892B9503}.DesktopRelease|x86.ActiveCfg = DesktopRelease|Win32
		{E1457B04-B999-4C01-8B51-38A4892B9503}.DesktopRelease|x86.Build.0 = DesktopRelease|Win32
		{E1457B04-B999-4C01-8B51-38A4892B9503}.Release|x64.ActiveCfg = Release|x64
		{E1457B04-B999-4C01-8B51-38A4892B9503}.Release|x64.Build.0 = Release|x64
		{E1457B04-B999-4C01-8B51-38A4892B9503}.Release|x86.ActiveCfg = Release|Win32
		{E1457B04-B999-4C01-8B51-38A4892B9503}.Release|x86.Build.0 = Release|Win32
	EndGlobalSection
	GlobalSection(SolutionProperties) = preSolution
		HideSolutionNode = FALSE
	EndGlobalSection
	GlobalSection(ExtensibilityGlobals) = postSolution
		SolutionGuid = {0D7C0F6F-F1FA-4912-A87D-38D80C5065AB}
	EndGlobalSection
EndGlobal
